
Microsoft Visual Studio Solution File, Format Version 12.00
# Visual Studio Version 17
VisualStudioVersion = 17.10.34928.147
MinimumVisualStudioVersion = 10.0.40219.1
Project("{8BC9CEB8-8B4A-11D0-8D11-00A0C91BC942}") = "ConsoleApplication1", "ConsoleApplication1\ConsoleApplication1.vcxproj", "{05A31B1F-E56F-40F5-9414-44322462F307}"
EndProject
Project("{8BC9CEB8-8B4A-11D0-8D11-00A0C91BC942}") = "LAB301", "LAB301\LAB301.vcxproj", "{1BA42C80-61FF-4C6D-9283-98943F0032AD}"
EndProject
Project("{8BC9CEB8-8B4A-11D0-8D11-00A0C91BC942}") = "ConsoleApplication2", "ConsoleApplication2\ConsoleApplication2.vcxproj", "{199B1EDD-0B91-4541-9F63-139885562449}"
EndProject
Global
	GlobalSection(SolutionConfigurationPlatforms) = preSolution
		Debug|x64 = Debug|x64
		Debug|x86 = Debug|x86
		Release|x64 = Release|x64
		Release|x86 = Release|x86
	EndGlobalSection
	GlobalSection(ProjectConfigurationPlatforms) = postSolution
		{05A31B1F-E56F-40F5-9414-44322462F307}.Debug|x64.ActiveCfg = Debug|x64
		{05A31B1F-E56F-40F5-9414-44322462F307}.Debug|x64.Build.0 = Debug|x64
		{05A31B1F-E56F-40F5-9414-44322462F307}.Debug|x86.ActiveCfg = Debug|Win32
		{05A31B1F-E56F-40F5-9414-44322462F307}.Debug|x86.Build.0 = Debug|Win32
		{05A31B1F-E56F-40F5-9414-44322462F307}.Release|x64.ActiveCfg = Release|x64
		{05A31B1F-E56F-40F5-9414-44322462F307}.Release|x64.Build.0 = Release|x64
		{05A31B1F-E56F-40F5-9414-44322462F307}.Release|x86.ActiveCfg = Release|Win32
		{05A31B1F-E56F-40F5-9414-44322462F307}.Release|x86.Build.0 = Release|Win32
		{1BA42C80-61FF-4C6D-9283-98943F0032AD}.Debug|x64.ActiveCfg = Debug|x64
		{1BA42C80-61FF-4C6D-9283-98943F0032AD}.Debug|x64.Build.0 = Debug|x64
		{1BA42C80-61FF-4C6D-9283-98943F0032AD}.Debug|x86.ActiveCfg = Debug|Win32
		{1BA42C80-61FF-4C6D-9283-98943F0032AD}.Debug|x86.Build.0 = Debug|Win32
		{1BA42C80-61FF-4C6D-9283-98943F0032AD}.Release|x64.ActiveCfg = Release|x64
		{1BA42C80-61FF-4C6D-9283-98943F0032AD}.Release|x64.Build.0 = Release|x64
		{1BA42C80-61FF-4C6D-9283-98943F0032AD}.Release|x86.ActiveCfg = Release|Win32
		{1BA42C80-61FF-4C6D-9283-98943F0032AD}.Release|x86.Build.0 = Release|Win32
		{199B1EDD-0B91-4541-9F63-139885562449}.Debug|x64.ActiveCfg = Debug|x64
		{199B1EDD-0B91-4541-9F63-139885562449}.Debug|x64.Build.0 = Debug|x64
		{199B1EDD-0B91-4541-9F63-139885562449}.Debug|x86.ActiveCfg = Debug|Win32
		{199B1EDD-0B91-4541-9F63-139885562449}.Debug|x86.Build.0 = Debug|Win32
		{199B1EDD-0B91-4541-9F63-139885562449}.Release|x64.ActiveCfg = Release|x64
		{199B1EDD-0B91-4541-9F63-139885562449}.Release|x64.Build.0 = Release|x64
		{199B1EDD-0B91-4541-9F63-139885562449}.Release|x86.ActiveCfg = Release|Win32
		{199B1EDD-0B91-4541-9F63-139885562449}.Release|x86.Build.0 = Release|Win32
	EndGlobalSection
	GlobalSection(SolutionProperties) = preSolution
		HideSolutionNode = FALSE
	EndGlobalSection
	GlobalSection(ExtensibilityGlobals) = postSolution
		SolutionGuid = {95FDB28B-EBA8-4D2D-A91F-F41786FD0AFD}
	EndGlobalSection
EndGlobal
